
Microsoft Visual Studio Solution File, Format Version 12.00
# Visual Studio Version 17
VisualStudioVersion = 17.10.35013.160
MinimumVisualStudioVersion = 10.0.40219.1
Project("{FAE04EC0-301F-11D3-BF4B-00C04F79EFBC}") = "Banners", "Banners\Banners.csproj", "{B1D4D503-F3E8-44EE-8EEA-FE3EC0E1E5F4}"
EndProject
Project("{FAE04EC0-301F-11D3-BF4B-00C04F79EFBC}") = "CakeBuild", "CakeBuild\CakeBuild.csproj", "{A9A33C42-BFC0-4953-8018-4AC84C602FE4}"
EndProject
Global
	GlobalSection(SolutionConfigurationPlatforms) = preSolution
		Debug|Any CPU = Debug|Any CPU
		Release|Any CPU = Release|Any CPU
	EndGlobalSection
	GlobalSection(ProjectConfigurationPlatforms) = postSolution
		{B1D4D503-F3E8-44EE-8EEA-FE3EC0E1E5F4}.Debug|Any CPU.ActiveCfg = Debug|Any CPU
		{B1D4D503-F3E8-44EE-8EEA-FE3EC0E1E5F4}.Debug|Any CPU.Build.0 = Debug|Any CPU
		{B1D4D503-F3E8-44EE-8EEA-FE3EC0E1E5F4}.Release|Any CPU.ActiveCfg = Release|Any CPU
		{B1D4D503-F3E8-44EE-8EEA-FE3EC0E1E5F4}.Release|Any CPU.Build.0 = Release|Any CPU
		{A9A33C42-BFC0-4953-8018-4AC84C602FE4}.Debug|Any CPU.ActiveCfg = Debug|Any CPU
		{A9A33C42-BFC0-4953-8018-4AC84C602FE4}.Debug|Any CPU.Build.0 = Debug|Any CPU
		{A9A33C42-BFC0-4953-8018-4AC84C602FE4}.Release|Any CPU.ActiveCfg = Release|Any CPU
		{A9A33C42-BFC0-4953-8018-4AC84C602FE4}.Release|Any CPU.Build.0 = Release|Any CPU
	EndGlobalSection
	GlobalSection(SolutionProperties) = preSolution
		HideSolutionNode = FALSE
	EndGlobalSection
	GlobalSection(ExtensibilityGlobals) = postSolution
		SolutionGuid = {83096BFA-FFAD-4BA0-AEAF-9A2388EBF38B}
	EndGlobalSection
EndGlobal
